// !$*UTF8*$!
{
	archiveVersion = 1;
	classes = {
	};
	objectVersion = 52;
	objects = {

/* Begin PBXBuildFile section */
		3F0829332784806D00A7CAEB /* FileBookmarkHandler.swift in Sources */ = {isa = PBXBuildFile; fileRef = 3F0829322784806D00A7CAEB /* FileBookmarkHandler.swift */; };
		3F0829352784827200A7CAEB /* ApplicationSettings.swift in Sources */ = {isa = PBXBuildFile; fileRef = 3F0829342784827200A7CAEB /* ApplicationSettings.swift */; };
		3F08293A278492FE00A7CAEB /* WrappingHStack in Frameworks */ = {isa = PBXBuildFile; productRef = 3F082939278492FE00A7CAEB /* WrappingHStack */; };
		3F08293C2784934000A7CAEB /* PictureWrappingView.swift in Sources */ = {isa = PBXBuildFile; fileRef = 3F08293B2784934000A7CAEB /* PictureWrappingView.swift */; };
		3F13CDC827EA65A1003667A2 /* FileHelper.swift in Sources */ = {isa = PBXBuildFile; fileRef = 3F13CDC727EA65A1003667A2 /* FileHelper.swift */; };
		3F22D99326F90C31009A0F1A /* PicturesDeskApp.swift in Sources */ = {isa = PBXBuildFile; fileRef = 3F22D99226F90C31009A0F1A /* PicturesDeskApp.swift */; };
		3F22D99526F90C31009A0F1A /* MainView.swift in Sources */ = {isa = PBXBuildFile; fileRef = 3F22D99426F90C31009A0F1A /* MainView.swift */; };
		3F22D99726F90C32009A0F1A /* Assets.xcassets in Resources */ = {isa = PBXBuildFile; fileRef = 3F22D99626F90C32009A0F1A /* Assets.xcassets */; };
		3F22D99A26F90C32009A0F1A /* Preview Assets.xcassets in Resources */ = {isa = PBXBuildFile; fileRef = 3F22D99926F90C32009A0F1A /* Preview Assets.xcassets */; };
		3F22D9A626F90C32009A0F1A /* PicturesDeskTests.swift in Sources */ = {isa = PBXBuildFile; fileRef = 3F22D9A526F90C32009A0F1A /* PicturesDeskTests.swift */; };
		3F22D9B126F90C32009A0F1A /* PicturesDeskUITests.swift in Sources */ = {isa = PBXBuildFile; fileRef = 3F22D9B026F90C32009A0F1A /* PicturesDeskUITests.swift */; };
		3F22D9BF26F90D2B009A0F1A /* PictureView.swift in Sources */ = {isa = PBXBuildFile; fileRef = 3F22D9BE26F90D2B009A0F1A /* PictureView.swift */; };
		3F22D9C126F90E34009A0F1A /* PicturesRepository.swift in Sources */ = {isa = PBXBuildFile; fileRef = 3F22D9C026F90E34009A0F1A /* PicturesRepository.swift */; };
		3F22D9C526F92586009A0F1A /* PictureItem.swift in Sources */ = {isa = PBXBuildFile; fileRef = 3F22D9C426F92586009A0F1A /* PictureItem.swift */; };
		3F22D9C726F92D1B009A0F1A /* AppDelegate.swift in Sources */ = {isa = PBXBuildFile; fileRef = 3F22D9C626F92D1B009A0F1A /* AppDelegate.swift */; };
		3F57F3D527E90A67002E7C2D /* PictureWrappingViewHeadlineView.swift in Sources */ = {isa = PBXBuildFile; fileRef = 3F57F3D427E90A67002E7C2D /* PictureWrappingViewHeadlineView.swift */; };
		3F57F3D727E921FD002E7C2D /* View+Extension .swift in Sources */ = {isa = PBXBuildFile; fileRef = 3F57F3D627E921FD002E7C2D /* View+Extension .swift */; };
		3FA9800A27E26ECA00DAC4B3 /* SidebarFoldersView.swift in Sources */ = {isa = PBXBuildFile; fileRef = 3FA9800927E26ECA00DAC4B3 /* SidebarFoldersView.swift */; };
		3FA9800C27E27EB400DAC4B3 /* SidebarFoldersItemView.swift in Sources */ = {isa = PBXBuildFile; fileRef = 3FA9800B27E27EB400DAC4B3 /* SidebarFoldersItemView.swift */; };
/* End PBXBuildFile section */

/* Begin PBXContainerItemProxy section */
		3F22D9A226F90C32009A0F1A /* PBXContainerItemProxy */ = {
			isa = PBXContainerItemProxy;
			containerPortal = 3F22D98726F90C31009A0F1A /* Project object */;
			proxyType = 1;
			remoteGlobalIDString = 3F22D98E26F90C31009A0F1A;
			remoteInfo = PicturesDesk;
		};
		3F22D9AD26F90C32009A0F1A /* PBXContainerItemProxy */ = {
			isa = PBXContainerItemProxy;
			containerPortal = 3F22D98726F90C31009A0F1A /* Project object */;
			proxyType = 1;
			remoteGlobalIDString = 3F22D98E26F90C31009A0F1A;
			remoteInfo = PicturesDesk;
		};
/* End PBXContainerItemProxy section */

/* Begin PBXFileReference section */
		3F0829322784806D00A7CAEB /* FileBookmarkHandler.swift */ = {isa = PBXFileReference; fileEncoding = 4; lastKnownFileType = sourcecode.swift; path = FileBookmarkHandler.swift; sourceTree = "<group>"; };
		3F0829342784827200A7CAEB /* ApplicationSettings.swift */ = {isa = PBXFileReference; lastKnownFileType = sourcecode.swift; path = ApplicationSettings.swift; sourceTree = "<group>"; };
		3F08293B2784934000A7CAEB /* PictureWrappingView.swift */ = {isa = PBXFileReference; lastKnownFileType = sourcecode.swift; path = PictureWrappingView.swift; sourceTree = "<group>"; };
		3F13CDC727EA65A1003667A2 /* FileHelper.swift */ = {isa = PBXFileReference; lastKnownFileType = sourcecode.swift; path = FileHelper.swift; sourceTree = "<group>"; };
		3F22D98F26F90C31009A0F1A /* PicturesDesk.app */ = {isa = PBXFileReference; explicitFileType = wrapper.application; includeInIndex = 0; path = PicturesDesk.app; sourceTree = BUILT_PRODUCTS_DIR; };
		3F22D99226F90C31009A0F1A /* PicturesDeskApp.swift */ = {isa = PBXFileReference; lastKnownFileType = sourcecode.swift; path = PicturesDeskApp.swift; sourceTree = "<group>"; };
		3F22D99426F90C31009A0F1A /* MainView.swift */ = {isa = PBXFileReference; lastKnownFileType = sourcecode.swift; path = MainView.swift; sourceTree = "<group>"; };
		3F22D99626F90C32009A0F1A /* Assets.xcassets */ = {isa = PBXFileReference; lastKnownFileType = folder.assetcatalog; path = Assets.xcassets; sourceTree = "<group>"; };
		3F22D99926F90C32009A0F1A /* Preview Assets.xcassets */ = {isa = PBXFileReference; lastKnownFileType = folder.assetcatalog; path = "Preview Assets.xcassets"; sourceTree = "<group>"; };
		3F22D99B26F90C32009A0F1A /* Info.plist */ = {isa = PBXFileReference; lastKnownFileType = text.plist.xml; path = Info.plist; sourceTree = "<group>"; };
		3F22D99C26F90C32009A0F1A /* PicturesDesk.entitlements */ = {isa = PBXFileReference; lastKnownFileType = text.plist.entitlements; path = PicturesDesk.entitlements; sourceTree = "<group>"; };
		3F22D9A126F90C32009A0F1A /* PicturesDeskTests.xctest */ = {isa = PBXFileReference; explicitFileType = wrapper.cfbundle; includeInIndex = 0; path = PicturesDeskTests.xctest; sourceTree = BUILT_PRODUCTS_DIR; };
		3F22D9A526F90C32009A0F1A /* PicturesDeskTests.swift */ = {isa = PBXFileReference; lastKnownFileType = sourcecode.swift; path = PicturesDeskTests.swift; sourceTree = "<group>"; };
		3F22D9A726F90C32009A0F1A /* Info.plist */ = {isa = PBXFileReference; lastKnownFileType = text.plist.xml; path = Info.plist; sourceTree = "<group>"; };
		3F22D9AC26F90C32009A0F1A /* PicturesDeskUITests.xctest */ = {isa = PBXFileReference; explicitFileType = wrapper.cfbundle; includeInIndex = 0; path = PicturesDeskUITests.xctest; sourceTree = BUILT_PRODUCTS_DIR; };
		3F22D9B026F90C32009A0F1A /* PicturesDeskUITests.swift */ = {isa = PBXFileReference; lastKnownFileType = sourcecode.swift; path = PicturesDeskUITests.swift; sourceTree = "<group>"; };
		3F22D9B226F90C32009A0F1A /* Info.plist */ = {isa = PBXFileReference; lastKnownFileType = text.plist.xml; path = Info.plist; sourceTree = "<group>"; };
		3F22D9BE26F90D2B009A0F1A /* PictureView.swift */ = {isa = PBXFileReference; lastKnownFileType = sourcecode.swift; path = PictureView.swift; sourceTree = "<group>"; };
		3F22D9C026F90E34009A0F1A /* PicturesRepository.swift */ = {isa = PBXFileReference; lastKnownFileType = sourcecode.swift; path = PicturesRepository.swift; sourceTree = "<group>"; };
		3F22D9C426F92586009A0F1A /* PictureItem.swift */ = {isa = PBXFileReference; lastKnownFileType = sourcecode.swift; path = PictureItem.swift; sourceTree = "<group>"; };
		3F22D9C626F92D1B009A0F1A /* AppDelegate.swift */ = {isa = PBXFileReference; fileEncoding = 4; lastKnownFileType = sourcecode.swift; path = AppDelegate.swift; sourceTree = "<group>"; };
		3F57F3D427E90A67002E7C2D /* PictureWrappingViewHeadlineView.swift */ = {isa = PBXFileReference; lastKnownFileType = sourcecode.swift; path = PictureWrappingViewHeadlineView.swift; sourceTree = "<group>"; };
		3F57F3D627E921FD002E7C2D /* View+Extension .swift */ = {isa = PBXFileReference; lastKnownFileType = sourcecode.swift; path = "View+Extension .swift"; sourceTree = "<group>"; };
		3FA9800927E26ECA00DAC4B3 /* SidebarFoldersView.swift */ = {isa = PBXFileReference; lastKnownFileType = sourcecode.swift; path = SidebarFoldersView.swift; sourceTree = "<group>"; };
		3FA9800B27E27EB400DAC4B3 /* SidebarFoldersItemView.swift */ = {isa = PBXFileReference; lastKnownFileType = sourcecode.swift; path = SidebarFoldersItemView.swift; sourceTree = "<group>"; };
		3FA9800D27E281B200DAC4B3 /* README.md */ = {isa = PBXFileReference; lastKnownFileType = net.daringfireball.markdown; path = README.md; sourceTree = "<group>"; };
/* End PBXFileReference section */

/* Begin PBXFrameworksBuildPhase section */
		3F22D98C26F90C31009A0F1A /* Frameworks */ = {
			isa = PBXFrameworksBuildPhase;
			buildActionMask = 2147483647;
			files = (
				3F08293A278492FE00A7CAEB /* WrappingHStack in Frameworks */,
			);
			runOnlyForDeploymentPostprocessing = 0;
		};
		3F22D99E26F90C32009A0F1A /* Frameworks */ = {
			isa = PBXFrameworksBuildPhase;
			buildActionMask = 2147483647;
			files = (
			);
			runOnlyForDeploymentPostprocessing = 0;
		};
		3F22D9A926F90C32009A0F1A /* Frameworks */ = {
			isa = PBXFrameworksBuildPhase;
			buildActionMask = 2147483647;
			files = (
			);
			runOnlyForDeploymentPostprocessing = 0;
		};
/* End PBXFrameworksBuildPhase section */

/* Begin PBXGroup section */
		3F22D98626F90C31009A0F1A = {
			isa = PBXGroup;
			children = (
				3FA9800D27E281B200DAC4B3 /* README.md */,
				3F22D99126F90C31009A0F1A /* PicturesDesk */,
				3F22D9A426F90C32009A0F1A /* PicturesDeskTests */,
				3F22D9AF26F90C32009A0F1A /* PicturesDeskUITests */,
				3F22D99026F90C31009A0F1A /* Products */,
			);
			sourceTree = "<group>";
		};
		3F22D99026F90C31009A0F1A /* Products */ = {
			isa = PBXGroup;
			children = (
				3F22D98F26F90C31009A0F1A /* PicturesDesk.app */,
				3F22D9A126F90C32009A0F1A /* PicturesDeskTests.xctest */,
				3F22D9AC26F90C32009A0F1A /* PicturesDeskUITests.xctest */,
			);
			name = Products;
			sourceTree = "<group>";
		};
		3F22D99126F90C31009A0F1A /* PicturesDesk */ = {
			isa = PBXGroup;
			children = (
				3F22D9C626F92D1B009A0F1A /* AppDelegate.swift */,
				3F22D99226F90C31009A0F1A /* PicturesDeskApp.swift */,
				3F22D99426F90C31009A0F1A /* MainView.swift */,
				3FA9800927E26ECA00DAC4B3 /* SidebarFoldersView.swift */,
				3F08293B2784934000A7CAEB /* PictureWrappingView.swift */,
				3F22D99626F90C32009A0F1A /* Assets.xcassets */,
				3F22D99B26F90C32009A0F1A /* Info.plist */,
				3F22D99C26F90C32009A0F1A /* PicturesDesk.entitlements */,
				3F22D99826F90C32009A0F1A /* Preview Content */,
				3F22D9BE26F90D2B009A0F1A /* PictureView.swift */,
				3F22D9C026F90E34009A0F1A /* PicturesRepository.swift */,
				3F22D9C426F92586009A0F1A /* PictureItem.swift */,
				3F0829342784827200A7CAEB /* ApplicationSettings.swift */,
				3F0829322784806D00A7CAEB /* FileBookmarkHandler.swift */,
				3FA9800B27E27EB400DAC4B3 /* SidebarFoldersItemView.swift */,
				3F57F3D427E90A67002E7C2D /* PictureWrappingViewHeadlineView.swift */,
				3F57F3D627E921FD002E7C2D /* View+Extension .swift */,
				3F13CDC727EA65A1003667A2 /* FileHelper.swift */,
			);
			path = PicturesDesk;
			sourceTree = "<group>";
		};
		3F22D99826F90C32009A0F1A /* Preview Content */ = {
			isa = PBXGroup;
			children = (
				3F22D99926F90C32009A0F1A /* Preview Assets.xcassets */,
			);
			path = "Preview Content";
			sourceTree = "<group>";
		};
		3F22D9A426F90C32009A0F1A /* PicturesDeskTests */ = {
			isa = PBXGroup;
			children = (
				3F22D9A526F90C32009A0F1A /* PicturesDeskTests.swift */,
				3F22D9A726F90C32009A0F1A /* Info.plist */,
			);
			path = PicturesDeskTests;
			sourceTree = "<group>";
		};
		3F22D9AF26F90C32009A0F1A /* PicturesDeskUITests */ = {
			isa = PBXGroup;
			children = (
				3F22D9B026F90C32009A0F1A /* PicturesDeskUITests.swift */,
				3F22D9B226F90C32009A0F1A /* Info.plist */,
			);
			path = PicturesDeskUITests;
			sourceTree = "<group>";
		};
/* End PBXGroup section */

/* Begin PBXNativeTarget section */
		3F22D98E26F90C31009A0F1A /* PicturesDesk */ = {
			isa = PBXNativeTarget;
			buildConfigurationList = 3F22D9B526F90C32009A0F1A /* Build configuration list for PBXNativeTarget "PicturesDesk" */;
			buildPhases = (
				3F22D98B26F90C31009A0F1A /* Sources */,
				3F22D98C26F90C31009A0F1A /* Frameworks */,
				3F22D98D26F90C31009A0F1A /* Resources */,
			);
			buildRules = (
			);
			dependencies = (
			);
			name = PicturesDesk;
			packageProductDependencies = (
				3F082939278492FE00A7CAEB /* WrappingHStack */,
			);
			productName = PicturesDesk;
			productReference = 3F22D98F26F90C31009A0F1A /* PicturesDesk.app */;
			productType = "com.apple.product-type.application";
		};
		3F22D9A026F90C32009A0F1A /* PicturesDeskTests */ = {
			isa = PBXNativeTarget;
			buildConfigurationList = 3F22D9B826F90C32009A0F1A /* Build configuration list for PBXNativeTarget "PicturesDeskTests" */;
			buildPhases = (
				3F22D99D26F90C32009A0F1A /* Sources */,
				3F22D99E26F90C32009A0F1A /* Frameworks */,
				3F22D99F26F90C32009A0F1A /* Resources */,
			);
			buildRules = (
			);
			dependencies = (
				3F22D9A326F90C32009A0F1A /* PBXTargetDependency */,
			);
			name = PicturesDeskTests;
			productName = PicturesDeskTests;
			productReference = 3F22D9A126F90C32009A0F1A /* PicturesDeskTests.xctest */;
			productType = "com.apple.product-type.bundle.unit-test";
		};
		3F22D9AB26F90C32009A0F1A /* PicturesDeskUITests */ = {
			isa = PBXNativeTarget;
			buildConfigurationList = 3F22D9BB26F90C32009A0F1A /* Build configuration list for PBXNativeTarget "PicturesDeskUITests" */;
			buildPhases = (
				3F22D9A826F90C32009A0F1A /* Sources */,
				3F22D9A926F90C32009A0F1A /* Frameworks */,
				3F22D9AA26F90C32009A0F1A /* Resources */,
			);
			buildRules = (
			);
			dependencies = (
				3F22D9AE26F90C32009A0F1A /* PBXTargetDependency */,
			);
			name = PicturesDeskUITests;
			productName = PicturesDeskUITests;
			productReference = 3F22D9AC26F90C32009A0F1A /* PicturesDeskUITests.xctest */;
			productType = "com.apple.product-type.bundle.ui-testing";
		};
/* End PBXNativeTarget section */

/* Begin PBXProject section */
		3F22D98726F90C31009A0F1A /* Project object */ = {
			isa = PBXProject;
			attributes = {
				LastSwiftUpdateCheck = 1250;
				LastUpgradeCheck = 1310;
				TargetAttributes = {
					3F22D98E26F90C31009A0F1A = {
						CreatedOnToolsVersion = 12.5.1;
					};
					3F22D9A026F90C32009A0F1A = {
						CreatedOnToolsVersion = 12.5.1;
						TestTargetID = 3F22D98E26F90C31009A0F1A;
					};
					3F22D9AB26F90C32009A0F1A = {
						CreatedOnToolsVersion = 12.5.1;
						TestTargetID = 3F22D98E26F90C31009A0F1A;
					};
				};
			};
			buildConfigurationList = 3F22D98A26F90C31009A0F1A /* Build configuration list for PBXProject "PicturesDesk" */;
			compatibilityVersion = "Xcode 9.3";
			developmentRegion = en;
			hasScannedForEncodings = 0;
			knownRegions = (
				en,
				Base,
			);
			mainGroup = 3F22D98626F90C31009A0F1A;
			packageReferences = (
				3F082938278492FE00A7CAEB /* XCRemoteSwiftPackageReference "WrappingHStack" */,
			);
			productRefGroup = 3F22D99026F90C31009A0F1A /* Products */;
			projectDirPath = "";
			projectRoot = "";
			targets = (
				3F22D98E26F90C31009A0F1A /* PicturesDesk */,
				3F22D9A026F90C32009A0F1A /* PicturesDeskTests */,
				3F22D9AB26F90C32009A0F1A /* PicturesDeskUITests */,
			);
		};
/* End PBXProject section */

/* Begin PBXResourcesBuildPhase section */
		3F22D98D26F90C31009A0F1A /* Resources */ = {
			isa = PBXResourcesBuildPhase;
			buildActionMask = 2147483647;
			files = (
				3F22D99A26F90C32009A0F1A /* Preview Assets.xcassets in Resources */,
				3F22D99726F90C32009A0F1A /* Assets.xcassets in Resources */,
			);
			runOnlyForDeploymentPostprocessing = 0;
		};
		3F22D99F26F90C32009A0F1A /* Resources */ = {
			isa = PBXResourcesBuildPhase;
			buildActionMask = 2147483647;
			files = (
			);
			runOnlyForDeploymentPostprocessing = 0;
		};
		3F22D9AA26F90C32009A0F1A /* Resources */ = {
			isa = PBXResourcesBuildPhase;
			buildActionMask = 2147483647;
			files = (
			);
			runOnlyForDeploymentPostprocessing = 0;
		};
/* End PBXResourcesBuildPhase section */

/* Begin PBXSourcesBuildPhase section */
		3F22D98B26F90C31009A0F1A /* Sources */ = {
			isa = PBXSourcesBuildPhase;
			buildActionMask = 2147483647;
			files = (
				3F57F3D727E921FD002E7C2D /* View+Extension .swift in Sources */,
				3F57F3D527E90A67002E7C2D /* PictureWrappingViewHeadlineView.swift in Sources */,
				3F0829332784806D00A7CAEB /* FileBookmarkHandler.swift in Sources */,
				3F13CDC827EA65A1003667A2 /* FileHelper.swift in Sources */,
				3F22D9BF26F90D2B009A0F1A /* PictureView.swift in Sources */,
				3F22D9C526F92586009A0F1A /* PictureItem.swift in Sources */,
				3F08293C2784934000A7CAEB /* PictureWrappingView.swift in Sources */,
				3F22D99526F90C31009A0F1A /* MainView.swift in Sources */,
				3F22D9C726F92D1B009A0F1A /* AppDelegate.swift in Sources */,
				3FA9800C27E27EB400DAC4B3 /* SidebarFoldersItemView.swift in Sources */,
				3F0829352784827200A7CAEB /* ApplicationSettings.swift in Sources */,
				3FA9800A27E26ECA00DAC4B3 /* SidebarFoldersView.swift in Sources */,
				3F22D9C126F90E34009A0F1A /* PicturesRepository.swift in Sources */,
				3F22D99326F90C31009A0F1A /* PicturesDeskApp.swift in Sources */,
			);
			runOnlyForDeploymentPostprocessing = 0;
		};
		3F22D99D26F90C32009A0F1A /* Sources */ = {
			isa = PBXSourcesBuildPhase;
			buildActionMask = 2147483647;
			files = (
				3F22D9A626F90C32009A0F1A /* PicturesDeskTests.swift in Sources */,
			);
			runOnlyForDeploymentPostprocessing = 0;
		};
		3F22D9A826F90C32009A0F1A /* Sources */ = {
			isa = PBXSourcesBuildPhase;
			buildActionMask = 2147483647;
			files = (
				3F22D9B126F90C32009A0F1A /* PicturesDeskUITests.swift in Sources */,
			);
			runOnlyForDeploymentPostprocessing = 0;
		};
/* End PBXSourcesBuildPhase section */

/* Begin PBXTargetDependency section */
		3F22D9A326F90C32009A0F1A /* PBXTargetDependency */ = {
			isa = PBXTargetDependency;
			target = 3F22D98E26F90C31009A0F1A /* PicturesDesk */;
			targetProxy = 3F22D9A226F90C32009A0F1A /* PBXContainerItemProxy */;
		};
		3F22D9AE26F90C32009A0F1A /* PBXTargetDependency */ = {
			isa = PBXTargetDependency;
			target = 3F22D98E26F90C31009A0F1A /* PicturesDesk */;
			targetProxy = 3F22D9AD26F90C32009A0F1A /* PBXContainerItemProxy */;
		};
/* End PBXTargetDependency section */

/* Begin XCBuildConfiguration section */
		3F22D9B326F90C32009A0F1A /* Debug */ = {
			isa = XCBuildConfiguration;
			buildSettings = {
				ALWAYS_SEARCH_USER_PATHS = NO;
				CLANG_ANALYZER_NONNULL = YES;
				CLANG_ANALYZER_NUMBER_OBJECT_CONVERSION = YES_AGGRESSIVE;
				CLANG_CXX_LANGUAGE_STANDARD = "gnu++14";
				CLANG_CXX_LIBRARY = "libc++";
				CLANG_ENABLE_MODULES = YES;
				CLANG_ENABLE_OBJC_ARC = YES;
				CLANG_ENABLE_OBJC_WEAK = YES;
				CLANG_WARN_BLOCK_CAPTURE_AUTORELEASING = YES;
				CLANG_WARN_BOOL_CONVERSION = YES;
				CLANG_WARN_COMMA = YES;
				CLANG_WARN_CONSTANT_CONVERSION = YES;
				CLANG_WARN_DEPRECATED_OBJC_IMPLEMENTATIONS = YES;
				CLANG_WARN_DIRECT_OBJC_ISA_USAGE = YES_ERROR;
				CLANG_WARN_DOCUMENTATION_COMMENTS = YES;
				CLANG_WARN_EMPTY_BODY = YES;
				CLANG_WARN_ENUM_CONVERSION = YES;
				CLANG_WARN_INFINITE_RECURSION = YES;
				CLANG_WARN_INT_CONVERSION = YES;
				CLANG_WARN_NON_LITERAL_NULL_CONVERSION = YES;
				CLANG_WARN_OBJC_IMPLICIT_RETAIN_SELF = YES;
				CLANG_WARN_OBJC_LITERAL_CONVERSION = YES;
				CLANG_WARN_OBJC_ROOT_CLASS = YES_ERROR;
				CLANG_WARN_QUOTED_INCLUDE_IN_FRAMEWORK_HEADER = YES;
				CLANG_WARN_RANGE_LOOP_ANALYSIS = YES;
				CLANG_WARN_STRICT_PROTOTYPES = YES;
				CLANG_WARN_SUSPICIOUS_MOVE = YES;
				CLANG_WARN_UNGUARDED_AVAILABILITY = YES_AGGRESSIVE;
				CLANG_WARN_UNREACHABLE_CODE = YES;
				CLANG_WARN__DUPLICATE_METHOD_MATCH = YES;
				COPY_PHASE_STRIP = NO;
				DEBUG_INFORMATION_FORMAT = dwarf;
				ENABLE_STRICT_OBJC_MSGSEND = YES;
				ENABLE_TESTABILITY = YES;
				GCC_C_LANGUAGE_STANDARD = gnu11;
				GCC_DYNAMIC_NO_PIC = NO;
				GCC_NO_COMMON_BLOCKS = YES;
				GCC_OPTIMIZATION_LEVEL = 0;
				GCC_PREPROCESSOR_DEFINITIONS = (
					"DEBUG=1",
					"$(inherited)",
				);
				GCC_WARN_64_TO_32_BIT_CONVERSION = YES;
				GCC_WARN_ABOUT_RETURN_TYPE = YES_ERROR;
				GCC_WARN_UNDECLARED_SELECTOR = YES;
				GCC_WARN_UNINITIALIZED_AUTOS = YES_AGGRESSIVE;
				GCC_WARN_UNUSED_FUNCTION = YES;
				GCC_WARN_UNUSED_VARIABLE = YES;
				MACOSX_DEPLOYMENT_TARGET = 12.0;
				MTL_ENABLE_DEBUG_INFO = INCLUDE_SOURCE;
				MTL_FAST_MATH = YES;
				ONLY_ACTIVE_ARCH = YES;
				SDKROOT = macosx;
				SWIFT_ACTIVE_COMPILATION_CONDITIONS = DEBUG;
				SWIFT_OPTIMIZATION_LEVEL = "-Onone";
			};
			name = Debug;
		};
		3F22D9B426F90C32009A0F1A /* Release */ = {
			isa = XCBuildConfiguration;
			buildSettings = {
				ALWAYS_SEARCH_USER_PATHS = NO;
				CLANG_ANALYZER_NONNULL = YES;
				CLANG_ANALYZER_NUMBER_OBJECT_CONVERSION = YES_AGGRESSIVE;
				CLANG_CXX_LANGUAGE_STANDARD = "gnu++14";
				CLANG_CXX_LIBRARY = "libc++";
				CLANG_ENABLE_MODULES = YES;
				CLANG_ENABLE_OBJC_ARC = YES;
				CLANG_ENABLE_OBJC_WEAK = YES;
				CLANG_WARN_BLOCK_CAPTURE_AUTORELEASING = YES;
				CLANG_WARN_BOOL_CONVERSION = YES;
				CLANG_WARN_COMMA = YES;
				CLANG_WARN_CONSTANT_CONVERSION = YES;
				CLANG_WARN_DEPRECATED_OBJC_IMPLEMENTATIONS = YES;
				CLANG_WARN_DIRECT_OBJC_ISA_USAGE = YES_ERROR;
				CLANG_WARN_DOCUMENTATION_COMMENTS = YES;
				CLANG_WARN_EMPTY_BODY = YES;
				CLANG_WARN_ENUM_CONVERSION = YES;
				CLANG_WARN_INFINITE_RECURSION = YES;
				CLANG_WARN_INT_CONVERSION = YES;
				CLANG_WARN_NON_LITERAL_NULL_CONVERSION = YES;
				CLANG_WARN_OBJC_IMPLICIT_RETAIN_SELF = YES;
				CLANG_WARN_OBJC_LITERAL_CONVERSION = YES;
				CLANG_WARN_OBJC_ROOT_CLASS = YES_ERROR;
				CLANG_WARN_QUOTED_INCLUDE_IN_FRAMEWORK_HEADER = YES;
				CLANG_WARN_RANGE_LOOP_ANALYSIS = YES;
				CLANG_WARN_STRICT_PROTOTYPES = YES;
				CLANG_WARN_SUSPICIOUS_MOVE = YES;
				CLANG_WARN_UNGUARDED_AVAILABILITY = YES_AGGRESSIVE;
				CLANG_WARN_UNREACHABLE_CODE = YES;
				CLANG_WARN__DUPLICATE_METHOD_MATCH = YES;
				COPY_PHASE_STRIP = NO;
				DEBUG_INFORMATION_FORMAT = "dwarf-with-dsym";
				ENABLE_NS_ASSERTIONS = NO;
				ENABLE_STRICT_OBJC_MSGSEND = YES;
				GCC_C_LANGUAGE_STANDARD = gnu11;
				GCC_NO_COMMON_BLOCKS = YES;
				GCC_WARN_64_TO_32_BIT_CONVERSION = YES;
				GCC_WARN_ABOUT_RETURN_TYPE = YES_ERROR;
				GCC_WARN_UNDECLARED_SELECTOR = YES;
				GCC_WARN_UNINITIALIZED_AUTOS = YES_AGGRESSIVE;
				GCC_WARN_UNUSED_FUNCTION = YES;
				GCC_WARN_UNUSED_VARIABLE = YES;
				MACOSX_DEPLOYMENT_TARGET = 12.0;
				MTL_ENABLE_DEBUG_INFO = NO;
				MTL_FAST_MATH = YES;
				SDKROOT = macosx;
				SWIFT_COMPILATION_MODE = wholemodule;
				SWIFT_OPTIMIZATION_LEVEL = "-O";
			};
			name = Release;
		};
		3F22D9B626F90C32009A0F1A /* Debug */ = {
			isa = XCBuildConfiguration;
			buildSettings = {
				ASSETCATALOG_COMPILER_APPICON_NAME = AppIcon;
				ASSETCATALOG_COMPILER_GLOBAL_ACCENT_COLOR_NAME = AccentColor;
				CODE_SIGN_ENTITLEMENTS = PicturesDesk/PicturesDesk.entitlements;
				CODE_SIGN_IDENTITY = "-";
				CODE_SIGN_STYLE = Automatic;
				COMBINE_HIDPI_IMAGES = YES;
				DEVELOPMENT_ASSET_PATHS = "\"PicturesDesk/Preview Content\"";
				DEVELOPMENT_TEAM = Q4JYUA6UF4;
				ENABLE_HARDENED_RUNTIME = YES;
				ENABLE_PREVIEWS = YES;
				INFOPLIST_FILE = PicturesDesk/Info.plist;
				LD_RUNPATH_SEARCH_PATHS = (
					"$(inherited)",
					"@executable_path/../Frameworks",
				);
				MACOSX_DEPLOYMENT_TARGET = 12.0;
				PRODUCT_BUNDLE_IDENTIFIER = "de.cocoa-coding.PicturesDesk";
				PRODUCT_NAME = "$(TARGET_NAME)";
				SWIFT_VERSION = 5.0;
			};
			name = Debug;
		};
		3F22D9B726F90C32009A0F1A /* Release */ = {
			isa = XCBuildConfiguration;
			buildSettings = {
				ASSETCATALOG_COMPILER_APPICON_NAME = AppIcon;
				ASSETCATALOG_COMPILER_GLOBAL_ACCENT_COLOR_NAME = AccentColor;
				CODE_SIGN_ENTITLEMENTS = PicturesDesk/PicturesDesk.entitlements;
				CODE_SIGN_IDENTITY = "-";
				CODE_SIGN_STYLE = Automatic;
				COMBINE_HIDPI_IMAGES = YES;
				DEVELOPMENT_ASSET_PATHS = "\"PicturesDesk/Preview Content\"";
				DEVELOPMENT_TEAM = Q4JYUA6UF4;
				ENABLE_HARDENED_RUNTIME = YES;
				ENABLE_PREVIEWS = YES;
				INFOPLIST_FILE = PicturesDesk/Info.plist;
				LD_RUNPATH_SEARCH_PATHS = (
					"$(inherited)",
					"@executable_path/../Frameworks",
				);
				MACOSX_DEPLOYMENT_TARGET = 12.0;
				PRODUCT_BUNDLE_IDENTIFIER = "de.cocoa-coding.PicturesDesk";
				PRODUCT_NAME = "$(TARGET_NAME)";
				SWIFT_VERSION = 5.0;
			};
			name = Release;
		};
		3F22D9B926F90C32009A0F1A /* Debug */ = {
			isa = XCBuildConfiguration;
			buildSettings = {
				ALWAYS_EMBED_SWIFT_STANDARD_LIBRARIES = YES;
				BUNDLE_LOADER = "$(TEST_HOST)";
				CODE_SIGN_STYLE = Automatic;
				COMBINE_HIDPI_IMAGES = YES;
				DEVELOPMENT_TEAM = Q4JYUA6UF4;
				INFOPLIST_FILE = PicturesDeskTests/Info.plist;
				LD_RUNPATH_SEARCH_PATHS = (
					"$(inherited)",
					"@executable_path/../Frameworks",
					"@loader_path/../Frameworks",
				);
				MACOSX_DEPLOYMENT_TARGET = 11.0;
				PRODUCT_BUNDLE_IDENTIFIER = "de.cocoa-coding.PicturesDeskTests";
				PRODUCT_NAME = "$(TARGET_NAME)";
				SWIFT_VERSION = 5.0;
				TEST_HOST = "$(BUILT_PRODUCTS_DIR)/PicturesDesk.app/Contents/MacOS/PicturesDesk";
			};
			name = Debug;
		};
		3F22D9BA26F90C32009A0F1A /* Release */ = {
			isa = XCBuildConfiguration;
			buildSettings = {
				ALWAYS_EMBED_SWIFT_STANDARD_LIBRARIES = YES;
				BUNDLE_LOADER = "$(TEST_HOST)";
				CODE_SIGN_STYLE = Automatic;
				COMBINE_HIDPI_IMAGES = YES;
				DEVELOPMENT_TEAM = Q4JYUA6UF4;
				INFOPLIST_FILE = PicturesDeskTests/Info.plist;
				LD_RUNPATH_SEARCH_PATHS = (
					"$(inherited)",
					"@executable_path/../Frameworks",
					"@loader_path/../Frameworks",
				);
				MACOSX_DEPLOYMENT_TARGET = 11.0;
				PRODUCT_BUNDLE_IDENTIFIER = "de.cocoa-coding.PicturesDeskTests";
				PRODUCT_NAME = "$(TARGET_NAME)";
				SWIFT_VERSION = 5.0;
				TEST_HOST = "$(BUILT_PRODUCTS_DIR)/PicturesDesk.app/Contents/MacOS/PicturesDesk";
			};
			name = Release;
		};
		3F22D9BC26F90C32009A0F1A /* Debug */ = {
			isa = XCBuildConfiguration;
			buildSettings = {
				ALWAYS_EMBED_SWIFT_STANDARD_LIBRARIES = YES;
				CODE_SIGN_STYLE = Automatic;
				COMBINE_HIDPI_IMAGES = YES;
				DEVELOPMENT_TEAM = Q4JYUA6UF4;
				INFOPLIST_FILE = PicturesDeskUITests/Info.plist;
				LD_RUNPATH_SEARCH_PATHS = (
					"$(inherited)",
					"@executable_path/../Frameworks",
					"@loader_path/../Frameworks",
				);
				PRODUCT_BUNDLE_IDENTIFIER = "de.cocoa-coding.PicturesDeskUITests";
				PRODUCT_NAME = "$(TARGET_NAME)";
				SWIFT_VERSION = 5.0;
				TEST_TARGET_NAME = PicturesDesk;
			};
			name = Debug;
		};
		3F22D9BD26F90C32009A0F1A /* Release */ = {
			isa = XCBuildConfiguration;
			buildSettings = {
				ALWAYS_EMBED_SWIFT_STANDARD_LIBRARIES = YES;
				CODE_SIGN_STYLE = Automatic;
				COMBINE_HIDPI_IMAGES = YES;
				DEVELOPMENT_TEAM = Q4JYUA6UF4;
				INFOPLIST_FILE = PicturesDeskUITests/Info.plist;
				LD_RUNPATH_SEARCH_PATHS = (
					"$(inherited)",
					"@executable_path/../Frameworks",
					"@loader_path/../Frameworks",
				);
				PRODUCT_BUNDLE_IDENTIFIER = "de.cocoa-coding.PicturesDeskUITests";
				PRODUCT_NAME = "$(TARGET_NAME)";
				SWIFT_VERSION = 5.0;
				TEST_TARGET_NAME = PicturesDesk;
			};
			name = Release;
		};
/* End XCBuildConfiguration section */

/* Begin XCConfigurationList section */
		3F22D98A26F90C31009A0F1A /* Build configuration list for PBXProject "PicturesDesk" */ = {
			isa = XCConfigurationList;
			buildConfigurations = (
				3F22D9B326F90C32009A0F1A /* Debug */,
				3F22D9B426F90C32009A0F1A /* Release */,
			);
			defaultConfigurationIsVisible = 0;
			defaultConfigurationName = Release;
		};
		3F22D9B526F90C32009A0F1A /* Build configuration list for PBXNativeTarget "PicturesDesk" */ = {
			isa = XCConfigurationList;
			buildConfigurations = (
				3F22D9B626F90C32009A0F1A /* Debug */,
				3F22D9B726F90C32009A0F1A /* Release */,
			);
			defaultConfigurationIsVisible = 0;
			defaultConfigurationName = Release;
		};
		3F22D9B826F90C32009A0F1A /* Build configuration list for PBXNativeTarget "PicturesDeskTests" */ = {
			isa = XCConfigurationList;
			buildConfigurations = (
				3F22D9B926F90C32009A0F1A /* Debug */,
				3F22D9BA26F90C32009A0F1A /* Release */,
			);
			defaultConfigurationIsVisible = 0;
			defaultConfigurationName = Release;
		};
		3F22D9BB26F90C32009A0F1A /* Build configuration list for PBXNativeTarget "PicturesDeskUITests" */ = {
			isa = XCConfigurationList;
			buildConfigurations = (
				3F22D9BC26F90C32009A0F1A /* Debug */,
				3F22D9BD26F90C32009A0F1A /* Release */,
			);
			defaultConfigurationIsVisible = 0;
			defaultConfigurationName = Release;
		};
/* End XCConfigurationList section */

/* Begin XCRemoteSwiftPackageReference section */
		3F082938278492FE00A7CAEB /* XCRemoteSwiftPackageReference "WrappingHStack" */ = {
			isa = XCRemoteSwiftPackageReference;
			repositoryURL = "https://github.com/dkk/WrappingHStack";
			requirement = {
				kind = upToNextMajorVersion;
				minimumVersion = 2.0.0;
			};
		};
/* End XCRemoteSwiftPackageReference section */

/* Begin XCSwiftPackageProductDependency section */
		3F082939278492FE00A7CAEB /* WrappingHStack */ = {
			isa = XCSwiftPackageProductDependency;
			package = 3F082938278492FE00A7CAEB /* XCRemoteSwiftPackageReference "WrappingHStack" */;
			productName = WrappingHStack;
		};
/* End XCSwiftPackageProductDependency section */
	};
	rootObject = 3F22D98726F90C31009A0F1A /* Project object */;
}
